
Microsoft Visual Studio Solution File, Format Version 12.00
# Visual Studio 15
VisualStudioVersion = 15.0.26430.16
MinimumVisualStudioVersion = 10.0.40219.1
Project("{FAE04EC0-301F-11D3-BF4B-00C04F79EFBC}") = "Test", "Test\Test.csproj", "{ABCA4BBA-308F-4BD1-9EF1-091E9304EAAE}"
EndProject
Project("{FAE04EC0-301F-11D3-BF4B-00C04F79EFBC}") = "Root.APlusB", "Root.APlusB\Root.APlusB.csproj", "{89E16AE8-15DB-494C-90DD-05CD92614175}"
EndProject
Project("{FAE04EC0-301F-11D3-BF4B-00C04F79EFBC}") = "Root.MaxPairwise", "Root.MaxPairwise\Root.MaxPairwise.csproj", "{813D5243-81BC-483C-BA86-A52B983A18C4}"
EndProject
Project("{FAE04EC0-301F-11D3-BF4B-00C04F79EFBC}") = "Root.Week2.Test", "Root.Week2.Test\Root.Week2.Test.csproj", "{C17C8B29-D70A-4D5F-A1A9-4CEBE2977F0D}"
EndProject
Project("{2150E333-8FDC-42A3-9474-1A3956D46DE8}") = "Root.Week2", "Root.Week2", "{F0C3C21A-5D5E-4DBD-9879-9F214F5290A3}"
EndProject
Project("{FAE04EC0-301F-11D3-BF4B-00C04F79EFBC}") = "Root.Week2.Lcm", "Root.Week2.Lcm\Root.Week2.Lcm.csproj", "{5A4277FB-13B0-48F1-90DB-46817831738B}"
EndProject
Project("{FAE04EC0-301F-11D3-BF4B-00C04F79EFBC}") = "Root.Week2.Gcd", "Root.Week2.Gcd\Root.Week2.Gcd.csproj", "{608F9505-99D6-4ECA-B1DA-0BDB5275051A}"
EndProject
Project("{FAE04EC0-301F-11D3-BF4B-00C04F79EFBC}") = "Root.Week2.Fibonacci", "Root.Week2.Fibonacci\Root.Week2.Fibonacci.csproj", "{C07D115C-DDB7-4A3A-BB5F-4D4C71EBB65C}"
EndProject
Project("{FAE04EC0-301F-11D3-BF4B-00C04F79EFBC}") = "Root.Week2.FibonacciLastDigit", "Root.Week2.FibonacciLastDigit\Root.Week2.FibonacciLastDigit.csproj", "{F208EA4A-D3A8-4369-AA2E-FEBA088C8E74}"
EndProject
Project("{FAE04EC0-301F-11D3-BF4B-00C04F79EFBC}") = "Root.Week2.HugeFibonacciModuloM", "Root.Week2.HugeFibonacciModuloM\Root.Week2.HugeFibonacciModuloM.csproj", "{E590F4AC-C041-4429-A220-6BFC07738EA8}"
EndProject
Project("{FAE04EC0-301F-11D3-BF4B-00C04F79EFBC}") = "Root.Week2.LastDigitOfFibonacciSum", "Root.Week2.LastDigitOfFibonacciSum\Root.Week2.LastDigitOfFibonacciSum.csproj", "{EEBF1924-AC56-41F0-A2AB-950CC1EC2EF1}"
EndProject
Project("{FAE04EC0-301F-11D3-BF4B-00C04F79EFBC}") = "Root.Week2.PartialSumOfFibonacciNumbers", "Root.Week2.PartialSumOfFibonacciNumbers\Root.Week2.PartialSumOfFibonacciNumbers.csproj", "{8DBA1D90-8C16-4868-BF12-FF11303D542C}"
EndProject
Project("{2150E333-8FDC-42A3-9474-1A3956D46DE8}") = "Root.Week3", "Root.Week3", "{0677898D-ACA9-46B7-B955-548594610B56}"
EndProject
Project("{FAE04EC0-301F-11D3-BF4B-00C04F79EFBC}") = "Root.Week3.ChangingMoney", "Root.Week3.ChangingMoney\Root.Week3.ChangingMoney.csproj", "{DA7A8D63-CBA4-468E-9635-31DDD0EFFADB}"
EndProject
Project("{FAE04EC0-301F-11D3-BF4B-00C04F79EFBC}") = "Root.Week3.MaximizingTheValueOfLoot", "Root.Week3.MaximizingTheValueOfLoot\Root.Week3.MaximizingTheValueOfLoot.csproj", "{B48F73DD-8C11-409A-BFCF-FEB44D18AAC2}"
EndProject
Project("{FAE04EC0-301F-11D3-BF4B-00C04F79EFBC}") = "Root.Week3.MaximizeRevenue", "Root.Week3.MaximizeRevenue\Root.Week3.MaximizeRevenue.csproj", "{2F03F49E-6BF2-4AF5-819B-D4E242BC8B7F}"
EndProject
Project("{FAE04EC0-301F-11D3-BF4B-00C04F79EFBC}") = "Root.Week3.CollectingSignatures", "Root.Week3.CollectingSignatures\Root.Week3.CollectingSignatures.csproj", "{A1AFB397-175A-45A9-A142-96BE2305F8B4}"
EndProject
Project("{FAE04EC0-301F-11D3-BF4B-00C04F79EFBC}") = "Root.Week3.DifferentSummands", "Root.Week3.DifferentSummands\Root.Week3.DifferentSummands.csproj", "{45D5C66C-F759-4ED2-9828-C1CD296BE390}"
EndProject
Project("{FAE04EC0-301F-11D3-BF4B-00C04F79EFBC}") = "Root.Week3.MaximizingYourSalary", "Root.Week3.MaximizingYourSalary\Root.Week3.MaximizingYourSalary.csproj", "{18AD2BBA-6871-426F-ADBA-5CA506F2724B}"
EndProject
Project("{2150E333-8FDC-42A3-9474-1A3956D46DE8}") = "Root.Week4", "Root.Week4", "{278699EA-5F41-459A-8D75-4EA14D1BAE21}"
EndProject
Project("{FAE04EC0-301F-11D3-BF4B-00C04F79EFBC}") = "Root.Week4.BinarySearch", "Root.Week4.BinarySearch\Root.Week4.BinarySearch.csproj", "{D4369E4C-FA11-4B2F-97DA-5C9B973D5DA9}"
EndProject
Project("{FAE04EC0-301F-11D3-BF4B-00C04F79EFBC}") = "Root.Week4.MajorityElement", "Root.Week4.MajorityElement\Root.Week4.MajorityElement.csproj", "{658A3CE7-7CC8-411F-B476-4B5A19857C97}"
EndProject
Project("{FAE04EC0-301F-11D3-BF4B-00C04F79EFBC}") = "Root.Week4.QuickSort3", "Root.Week4.QuickSort3\Root.Week4.QuickSort3.csproj", "{DE11F1CB-8715-49C9-8FE6-E5C60EB5ADCF}"
EndProject
Project("{FAE04EC0-301F-11D3-BF4B-00C04F79EFBC}") = "Root.Week4.Inversions", "Root.Week4.Inversions\Root.Week4.Inversions.csproj", "{E54ADACA-ACFD-4548-9BFF-31E782BD6676}"
EndProject
Project("{FAE04EC0-301F-11D3-BF4B-00C04F79EFBC}") = "Root.Week4.Lottery", "Root.Week4.Lottery\Root.Week4.Lottery.csproj", "{FCFD7608-69AC-477D-BC3E-B24DB6F7BB44}"
EndProject
Project("{2150E333-8FDC-42A3-9474-1A3956D46DE8}") = "Root.Week5", "Root.Week5", "{7C62DF6F-6523-4CCC-B471-355D10B463D5}"
EndProject
Project("{FAE04EC0-301F-11D3-BF4B-00C04F79EFBC}") = "Root.Week5.PrimitiveCalculator", "Root.Week5.PrimitiveCalculator\Root.Week5.PrimitiveCalculator.csproj", "{2A20EB2A-198C-467F-82A1-2B9DE1EB62DE}"
EndProject
Project("{FAE04EC0-301F-11D3-BF4B-00C04F79EFBC}") = "Root.Week5.Knapsack", "Root.Week5.Knapsack\Root.Week5.Knapsack.csproj", "{3EE96D50-66A4-486D-8A53-055D1B65591A}"
EndProject
Global
	GlobalSection(SolutionConfigurationPlatforms) = preSolution
		Debug|Any CPU = Debug|Any CPU
		Release|Any CPU = Release|Any CPU
	EndGlobalSection
	GlobalSection(ProjectConfigurationPlatforms) = postSolution
		{ABCA4BBA-308F-4BD1-9EF1-091E9304EAAE}.Debug|Any CPU.ActiveCfg = Debug|Any CPU
		{ABCA4BBA-308F-4BD1-9EF1-091E9304EAAE}.Debug|Any CPU.Build.0 = Debug|Any CPU
		{ABCA4BBA-308F-4BD1-9EF1-091E9304EAAE}.Release|Any CPU.ActiveCfg = Release|Any CPU
		{ABCA4BBA-308F-4BD1-9EF1-091E9304EAAE}.Release|Any CPU.Build.0 = Release|Any CPU
		{89E16AE8-15DB-494C-90DD-05CD92614175}.Debug|Any CPU.ActiveCfg = Debug|Any CPU
		{89E16AE8-15DB-494C-90DD-05CD92614175}.Debug|Any CPU.Build.0 = Debug|Any CPU
		{89E16AE8-15DB-494C-90DD-05CD92614175}.Release|Any CPU.ActiveCfg = Release|Any CPU
		{89E16AE8-15DB-494C-90DD-05CD92614175}.Release|Any CPU.Build.0 = Release|Any CPU
		{813D5243-81BC-483C-BA86-A52B983A18C4}.Debug|Any CPU.ActiveCfg = Debug|Any CPU
		{813D5243-81BC-483C-BA86-A52B983A18C4}.Debug|Any CPU.Build.0 = Debug|Any CPU
		{813D5243-81BC-483C-BA86-A52B983A18C4}.Release|Any CPU.ActiveCfg = Release|Any CPU
		{813D5243-81BC-483C-BA86-A52B983A18C4}.Release|Any CPU.Build.0 = Release|Any CPU
		{C17C8B29-D70A-4D5F-A1A9-4CEBE2977F0D}.Debug|Any CPU.ActiveCfg = Debug|Any CPU
		{C17C8B29-D70A-4D5F-A1A9-4CEBE2977F0D}.Debug|Any CPU.Build.0 = Debug|Any CPU
		{C17C8B29-D70A-4D5F-A1A9-4CEBE2977F0D}.Release|Any CPU.ActiveCfg = Release|Any CPU
		{C17C8B29-D70A-4D5F-A1A9-4CEBE2977F0D}.Release|Any CPU.Build.0 = Release|Any CPU
		{5A4277FB-13B0-48F1-90DB-46817831738B}.Debug|Any CPU.ActiveCfg = Debug|Any CPU
		{5A4277FB-13B0-48F1-90DB-46817831738B}.Debug|Any CPU.Build.0 = Debug|Any CPU
		{5A4277FB-13B0-48F1-90DB-46817831738B}.Release|Any CPU.ActiveCfg = Release|Any CPU
		{5A4277FB-13B0-48F1-90DB-46817831738B}.Release|Any CPU.Build.0 = Release|Any CPU
		{608F9505-99D6-4ECA-B1DA-0BDB5275051A}.Debug|Any CPU.ActiveCfg = Debug|Any CPU
		{608F9505-99D6-4ECA-B1DA-0BDB5275051A}.Debug|Any CPU.Build.0 = Debug|Any CPU
		{608F9505-99D6-4ECA-B1DA-0BDB5275051A}.Release|Any CPU.ActiveCfg = Release|Any CPU
		{608F9505-99D6-4ECA-B1DA-0BDB5275051A}.Release|Any CPU.Build.0 = Release|Any CPU
		{C07D115C-DDB7-4A3A-BB5F-4D4C71EBB65C}.Debug|Any CPU.ActiveCfg = Debug|Any CPU
		{C07D115C-DDB7-4A3A-BB5F-4D4C71EBB65C}.Debug|Any CPU.Build.0 = Debug|Any CPU
		{C07D115C-DDB7-4A3A-BB5F-4D4C71EBB65C}.Release|Any CPU.ActiveCfg = Release|Any CPU
		{C07D115C-DDB7-4A3A-BB5F-4D4C71EBB65C}.Release|Any CPU.Build.0 = Release|Any CPU
		{F208EA4A-D3A8-4369-AA2E-FEBA088C8E74}.Debug|Any CPU.ActiveCfg = Debug|Any CPU
		{F208EA4A-D3A8-4369-AA2E-FEBA088C8E74}.Debug|Any CPU.Build.0 = Debug|Any CPU
		{F208EA4A-D3A8-4369-AA2E-FEBA088C8E74}.Release|Any CPU.ActiveCfg = Release|Any CPU
		{F208EA4A-D3A8-4369-AA2E-FEBA088C8E74}.Release|Any CPU.Build.0 = Release|Any CPU
		{E590F4AC-C041-4429-A220-6BFC07738EA8}.Debug|Any CPU.ActiveCfg = Debug|Any CPU
		{E590F4AC-C041-4429-A220-6BFC07738EA8}.Debug|Any CPU.Build.0 = Debug|Any CPU
		{E590F4AC-C041-4429-A220-6BFC07738EA8}.Release|Any CPU.ActiveCfg = Release|Any CPU
		{E590F4AC-C041-4429-A220-6BFC07738EA8}.Release|Any CPU.Build.0 = Release|Any CPU
		{EEBF1924-AC56-41F0-A2AB-950CC1EC2EF1}.Debug|Any CPU.ActiveCfg = Debug|Any CPU
		{EEBF1924-AC56-41F0-A2AB-950CC1EC2EF1}.Debug|Any CPU.Build.0 = Debug|Any CPU
		{EEBF1924-AC56-41F0-A2AB-950CC1EC2EF1}.Release|Any CPU.ActiveCfg = Release|Any CPU
		{EEBF1924-AC56-41F0-A2AB-950CC1EC2EF1}.Release|Any CPU.Build.0 = Release|Any CPU
		{8DBA1D90-8C16-4868-BF12-FF11303D542C}.Debug|Any CPU.ActiveCfg = Debug|Any CPU
		{8DBA1D90-8C16-4868-BF12-FF11303D542C}.Debug|Any CPU.Build.0 = Debug|Any CPU
		{8DBA1D90-8C16-4868-BF12-FF11303D542C}.Release|Any CPU.ActiveCfg = Release|Any CPU
		{8DBA1D90-8C16-4868-BF12-FF11303D542C}.Release|Any CPU.Build.0 = Release|Any CPU
		{DA7A8D63-CBA4-468E-9635-31DDD0EFFADB}.Debug|Any CPU.ActiveCfg = Debug|Any CPU
		{DA7A8D63-CBA4-468E-9635-31DDD0EFFADB}.Debug|Any CPU.Build.0 = Debug|Any CPU
		{DA7A8D63-CBA4-468E-9635-31DDD0EFFADB}.Release|Any CPU.ActiveCfg = Release|Any CPU
		{DA7A8D63-CBA4-468E-9635-31DDD0EFFADB}.Release|Any CPU.Build.0 = Release|Any CPU
		{B48F73DD-8C11-409A-BFCF-FEB44D18AAC2}.Debug|Any CPU.ActiveCfg = Debug|Any CPU
		{B48F73DD-8C11-409A-BFCF-FEB44D18AAC2}.Debug|Any CPU.Build.0 = Debug|Any CPU
		{B48F73DD-8C11-409A-BFCF-FEB44D18AAC2}.Release|Any CPU.ActiveCfg = Release|Any CPU
		{B48F73DD-8C11-409A-BFCF-FEB44D18AAC2}.Release|Any CPU.Build.0 = Release|Any CPU
		{2F03F49E-6BF2-4AF5-819B-D4E242BC8B7F}.Debug|Any CPU.ActiveCfg = Debug|Any CPU
		{2F03F49E-6BF2-4AF5-819B-D4E242BC8B7F}.Debug|Any CPU.Build.0 = Debug|Any CPU
		{2F03F49E-6BF2-4AF5-819B-D4E242BC8B7F}.Release|Any CPU.ActiveCfg = Release|Any CPU
		{2F03F49E-6BF2-4AF5-819B-D4E242BC8B7F}.Release|Any CPU.Build.0 = Release|Any CPU
		{A1AFB397-175A-45A9-A142-96BE2305F8B4}.Debug|Any CPU.ActiveCfg = Debug|Any CPU
		{A1AFB397-175A-45A9-A142-96BE2305F8B4}.Debug|Any CPU.Build.0 = Debug|Any CPU
		{A1AFB397-175A-45A9-A142-96BE2305F8B4}.Release|Any CPU.ActiveCfg = Release|Any CPU
		{A1AFB397-175A-45A9-A142-96BE2305F8B4}.Release|Any CPU.Build.0 = Release|Any CPU
		{45D5C66C-F759-4ED2-9828-C1CD296BE390}.Debug|Any CPU.ActiveCfg = Debug|Any CPU
		{45D5C66C-F759-4ED2-9828-C1CD296BE390}.Debug|Any CPU.Build.0 = Debug|Any CPU
		{45D5C66C-F759-4ED2-9828-C1CD296BE390}.Release|Any CPU.ActiveCfg = Release|Any CPU
		{45D5C66C-F759-4ED2-9828-C1CD296BE390}.Release|Any CPU.Build.0 = Release|Any CPU
		{18AD2BBA-6871-426F-ADBA-5CA506F2724B}.Debug|Any CPU.ActiveCfg = Debug|Any CPU
		{18AD2BBA-6871-426F-ADBA-5CA506F2724B}.Debug|Any CPU.Build.0 = Debug|Any CPU
		{18AD2BBA-6871-426F-ADBA-5CA506F2724B}.Release|Any CPU.ActiveCfg = Release|Any CPU
		{18AD2BBA-6871-426F-ADBA-5CA506F2724B}.Release|Any CPU.Build.0 = Release|Any CPU
		{D4369E4C-FA11-4B2F-97DA-5C9B973D5DA9}.Debug|Any CPU.ActiveCfg = Debug|Any CPU
		{D4369E4C-FA11-4B2F-97DA-5C9B973D5DA9}.Debug|Any CPU.Build.0 = Debug|Any CPU
		{D4369E4C-FA11-4B2F-97DA-5C9B973D5DA9}.Release|Any CPU.ActiveCfg = Release|Any CPU
		{D4369E4C-FA11-4B2F-97DA-5C9B973D5DA9}.Release|Any CPU.Build.0 = Release|Any CPU
		{658A3CE7-7CC8-411F-B476-4B5A19857C97}.Debug|Any CPU.ActiveCfg = Debug|Any CPU
		{658A3CE7-7CC8-411F-B476-4B5A19857C97}.Debug|Any CPU.Build.0 = Debug|Any CPU
		{658A3CE7-7CC8-411F-B476-4B5A19857C97}.Release|Any CPU.ActiveCfg = Release|Any CPU
		{658A3CE7-7CC8-411F-B476-4B5A19857C97}.Release|Any CPU.Build.0 = Release|Any CPU
		{DE11F1CB-8715-49C9-8FE6-E5C60EB5ADCF}.Debug|Any CPU.ActiveCfg = Debug|Any CPU
		{DE11F1CB-8715-49C9-8FE6-E5C60EB5ADCF}.Debug|Any CPU.Build.0 = Debug|Any CPU
		{DE11F1CB-8715-49C9-8FE6-E5C60EB5ADCF}.Release|Any CPU.ActiveCfg = Release|Any CPU
		{DE11F1CB-8715-49C9-8FE6-E5C60EB5ADCF}.Release|Any CPU.Build.0 = Release|Any CPU
		{E54ADACA-ACFD-4548-9BFF-31E782BD6676}.Debug|Any CPU.ActiveCfg = Debug|Any CPU
		{E54ADACA-ACFD-4548-9BFF-31E782BD6676}.Debug|Any CPU.Build.0 = Debug|Any CPU
		{E54ADACA-ACFD-4548-9BFF-31E782BD6676}.Release|Any CPU.ActiveCfg = Release|Any CPU
		{E54ADACA-ACFD-4548-9BFF-31E782BD6676}.Release|Any CPU.Build.0 = Release|Any CPU
		{FCFD7608-69AC-477D-BC3E-B24DB6F7BB44}.Debug|Any CPU.ActiveCfg = Debug|Any CPU
		{FCFD7608-69AC-477D-BC3E-B24DB6F7BB44}.Debug|Any CPU.Build.0 = Debug|Any CPU
		{FCFD7608-69AC-477D-BC3E-B24DB6F7BB44}.Release|Any CPU.ActiveCfg = Release|Any CPU
		{FCFD7608-69AC-477D-BC3E-B24DB6F7BB44}.Release|Any CPU.Build.0 = Release|Any CPU
		{2A20EB2A-198C-467F-82A1-2B9DE1EB62DE}.Debug|Any CPU.ActiveCfg = Debug|Any CPU
		{2A20EB2A-198C-467F-82A1-2B9DE1EB62DE}.Debug|Any CPU.Build.0 = Debug|Any CPU
		{2A20EB2A-198C-467F-82A1-2B9DE1EB62DE}.Release|Any CPU.ActiveCfg = Release|Any CPU
		{2A20EB2A-198C-467F-82A1-2B9DE1EB62DE}.Release|Any CPU.Build.0 = Release|Any CPU
		{3EE96D50-66A4-486D-8A53-055D1B65591A}.Debug|Any CPU.ActiveCfg = Debug|Any CPU
		{3EE96D50-66A4-486D-8A53-055D1B65591A}.Debug|Any CPU.Build.0 = Debug|Any CPU
		{3EE96D50-66A4-486D-8A53-055D1B65591A}.Release|Any CPU.ActiveCfg = Release|Any CPU
		{3EE96D50-66A4-486D-8A53-055D1B65591A}.Release|Any CPU.Build.0 = Release|Any CPU
	EndGlobalSection
	GlobalSection(SolutionProperties) = preSolution
		HideSolutionNode = FALSE
	EndGlobalSection
	GlobalSection(NestedProjects) = preSolution
		{5A4277FB-13B0-48F1-90DB-46817831738B} = {F0C3C21A-5D5E-4DBD-9879-9F214F5290A3}
		{608F9505-99D6-4ECA-B1DA-0BDB5275051A} = {F0C3C21A-5D5E-4DBD-9879-9F214F5290A3}
		{C07D115C-DDB7-4A3A-BB5F-4D4C71EBB65C} = {F0C3C21A-5D5E-4DBD-9879-9F214F5290A3}
		{F208EA4A-D3A8-4369-AA2E-FEBA088C8E74} = {F0C3C21A-5D5E-4DBD-9879-9F214F5290A3}
		{E590F4AC-C041-4429-A220-6BFC07738EA8} = {F0C3C21A-5D5E-4DBD-9879-9F214F5290A3}
		{EEBF1924-AC56-41F0-A2AB-950CC1EC2EF1} = {F0C3C21A-5D5E-4DBD-9879-9F214F5290A3}
		{8DBA1D90-8C16-4868-BF12-FF11303D542C} = {F0C3C21A-5D5E-4DBD-9879-9F214F5290A3}
		{DA7A8D63-CBA4-468E-9635-31DDD0EFFADB} = {0677898D-ACA9-46B7-B955-548594610B56}
		{B48F73DD-8C11-409A-BFCF-FEB44D18AAC2} = {0677898D-ACA9-46B7-B955-548594610B56}
		{2F03F49E-6BF2-4AF5-819B-D4E242BC8B7F} = {0677898D-ACA9-46B7-B955-548594610B56}
		{A1AFB397-175A-45A9-A142-96BE2305F8B4} = {0677898D-ACA9-46B7-B955-548594610B56}
		{45D5C66C-F759-4ED2-9828-C1CD296BE390} = {0677898D-ACA9-46B7-B955-548594610B56}
		{18AD2BBA-6871-426F-ADBA-5CA506F2724B} = {0677898D-ACA9-46B7-B955-548594610B56}
		{D4369E4C-FA11-4B2F-97DA-5C9B973D5DA9} = {278699EA-5F41-459A-8D75-4EA14D1BAE21}
		{658A3CE7-7CC8-411F-B476-4B5A19857C97} = {278699EA-5F41-459A-8D75-4EA14D1BAE21}
		{DE11F1CB-8715-49C9-8FE6-E5C60EB5ADCF} = {278699EA-5F41-459A-8D75-4EA14D1BAE21}
		{E54ADACA-ACFD-4548-9BFF-31E782BD6676} = {278699EA-5F41-459A-8D75-4EA14D1BAE21}
		{FCFD7608-69AC-477D-BC3E-B24DB6F7BB44} = {278699EA-5F41-459A-8D75-4EA14D1BAE21}
		{2A20EB2A-198C-467F-82A1-2B9DE1EB62DE} = {7C62DF6F-6523-4CCC-B471-355D10B463D5}
		{3EE96D50-66A4-486D-8A53-055D1B65591A} = {7C62DF6F-6523-4CCC-B471-355D10B463D5}
	EndGlobalSection
EndGlobal
