
Microsoft Visual Studio Solution File, Format Version 12.00
# Visual Studio 15
VisualStudioVersion = 15.0.26430.16
MinimumVisualStudioVersion = 10.0.40219.1
Project("{FAE04EC0-301F-11D3-BF4B-00C04F79EFBC}") = "Graphs.W1.Decomposition1.Reachability", "Graphs.W1.Decomposition1.Reachability\Graphs.W1.Decomposition1.Reachability.csproj", "{88B25DF3-3C11-4012-8111-AF92714E9554}"
EndProject
Project("{2150E333-8FDC-42A3-9474-1A3956D46DE8}") = "W1", "W1", "{192F66FA-CC7B-40C5-94D2-A9F61DE42071}"
EndProject
Global
	GlobalSection(SolutionConfigurationPlatforms) = preSolution
		Debug|Any CPU = Debug|Any CPU
		Release|Any CPU = Release|Any CPU
	EndGlobalSection
	GlobalSection(ProjectConfigurationPlatforms) = postSolution
		{88B25DF3-3C11-4012-8111-AF92714E9554}.Debug|Any CPU.ActiveCfg = Debug|Any CPU
		{88B25DF3-3C11-4012-8111-AF92714E9554}.Debug|Any CPU.Build.0 = Debug|Any CPU
		{88B25DF3-3C11-4012-8111-AF92714E9554}.Release|Any CPU.ActiveCfg = Release|Any CPU
		{88B25DF3-3C11-4012-8111-AF92714E9554}.Release|Any CPU.Build.0 = Release|Any CPU
	EndGlobalSection
	GlobalSection(SolutionProperties) = preSolution
		HideSolutionNode = FALSE
	EndGlobalSection
	GlobalSection(NestedProjects) = preSolution
		{88B25DF3-3C11-4012-8111-AF92714E9554} = {192F66FA-CC7B-40C5-94D2-A9F61DE42071}
	EndGlobalSection
EndGlobal
